
Microsoft Visual Studio Solution File, Format Version 12.00
# Visual Studio Version 17
VisualStudioVersion = 17.1.32407.343
MinimumVisualStudioVersion = 10.0.40219.1
Project("{8BC9CEB8-8B4A-11D0-8D11-00A0C91BC942}") = "find_Min", "find_Min\find_Min.vcxproj", "{A72F76D0-2701-4957-BCB1-BFF6E44E31EA}"
EndProject
Global
	GlobalSection(SolutionConfigurationPlatforms) = preSolution
		Debug|x64 = Debug|x64
		Debug|x86 = Debug|x86
		Release|x64 = Release|x64
		Release|x86 = Release|x86
	EndGlobalSection
	GlobalSection(ProjectConfigurationPlatforms) = postSolution
		{A72F76D0-2701-4957-BCB1-BFF6E44E31EA}.Debug|x64.ActiveCfg = Debug|x64
		{A72F76D0-2701-4957-BCB1-BFF6E44E31EA}.Debug|x64.Build.0 = Debug|x64
		{A72F76D0-2701-4957-BCB1-BFF6E44E31EA}.Debug|x86.ActiveCfg = Debug|Win32
		{A72F76D0-2701-4957-BCB1-BFF6E44E31EA}.Debug|x86.Build.0 = Debug|Win32
		{A72F76D0-2701-4957-BCB1-BFF6E44E31EA}.Release|x64.ActiveCfg = Release|x64
		{A72F76D0-2701-4957-BCB1-BFF6E44E31EA}.Release|x64.Build.0 = Release|x64
		{A72F76D0-2701-4957-BCB1-BFF6E44E31EA}.Release|x86.ActiveCfg = Release|Win32
		{A72F76D0-2701-4957-BCB1-BFF6E44E31EA}.Release|x86.Build.0 = Release|Win32
	EndGlobalSection
	GlobalSection(SolutionProperties) = preSolution
		HideSolutionNode = FALSE
	EndGlobalSection
	GlobalSection(ExtensibilityGlobals) = postSolution
		SolutionGuid = {43B683AD-D7FB-4B23-B5FA-3CF1ABC22C1C}
	EndGlobalSection
EndGlobal
