
Microsoft Visual Studio Solution File, Format Version 12.00
# Visual Studio Version 17
VisualStudioVersion = 17.1.32407.343
MinimumVisualStudioVersion = 10.0.40219.1
Project("{8BC9CEB8-8B4A-11D0-8D11-00A0C91BC942}") = "Print_Reverse", "Print_Reverse\Print_Reverse.vcxproj", "{FD674D9B-9A47-4E4E-8D0E-67928C40118D}"
EndProject
Global
	GlobalSection(SolutionConfigurationPlatforms) = preSolution
		Debug|x64 = Debug|x64
		Debug|x86 = Debug|x86
		Release|x64 = Release|x64
		Release|x86 = Release|x86
	EndGlobalSection
	GlobalSection(ProjectConfigurationPlatforms) = postSolution
		{FD674D9B-9A47-4E4E-8D0E-67928C40118D}.Debug|x64.ActiveCfg = Debug|x64
		{FD674D9B-9A47-4E4E-8D0E-67928C40118D}.Debug|x64.Build.0 = Debug|x64
		{FD674D9B-9A47-4E4E-8D0E-67928C40118D}.Debug|x86.ActiveCfg = Debug|Win32
		{FD674D9B-9A47-4E4E-8D0E-67928C40118D}.Debug|x86.Build.0 = Debug|Win32
		{FD674D9B-9A47-4E4E-8D0E-67928C40118D}.Release|x64.ActiveCfg = Release|x64
		{FD674D9B-9A47-4E4E-8D0E-67928C40118D}.Release|x64.Build.0 = Release|x64
		{FD674D9B-9A47-4E4E-8D0E-67928C40118D}.Release|x86.ActiveCfg = Release|Win32
		{FD674D9B-9A47-4E4E-8D0E-67928C40118D}.Release|x86.Build.0 = Release|Win32
	EndGlobalSection
	GlobalSection(SolutionProperties) = preSolution
		HideSolutionNode = FALSE
	EndGlobalSection
	GlobalSection(ExtensibilityGlobals) = postSolution
		SolutionGuid = {23EEF8C8-2070-4DCB-B7E0-0AACB580DCC5}
	EndGlobalSection
EndGlobal
